
Microsoft Visual Studio Solution File, Format Version 12.00
# Visual Studio Version 16
VisualStudioVersion = 16.0.29613.14
MinimumVisualStudioVersion = 10.0.40219.1
Project("{FAE04EC0-301F-11D3-BF4B-00C04F79EFBC}") = "WebApi", "WebApi\WebApi.csproj", "{79C98359-4A39-4BC2-89F4-B8E067840D75}"
EndProject
Project("{FAE04EC0-301F-11D3-BF4B-00C04F79EFBC}") = "Business", "Business\Business.csproj", "{EB40D973-C68F-4973-81B7-F5ED5B9059BD}"
EndProject
Project("{FAE04EC0-301F-11D3-BF4B-00C04F79EFBC}") = "Core", "Core\Core.csproj", "{B41B92FA-A642-468A-B1F1-CD7BC44D2E89}"
EndProject
Project("{FAE04EC0-301F-11D3-BF4B-00C04F79EFBC}") = "DataAccess", "DataAccess\DataAccess.csproj", "{215999AA-A8D9-40FD-9D5C-2CA6B0B0A625}"
EndProject
Project("{FAE04EC0-301F-11D3-BF4B-00C04F79EFBC}") = "Entities", "Entities\Entities.csproj", "{D2246012-E064-4196-AEC9-790D901B2B3C}"
EndProject
Global
	GlobalSection(SolutionConfigurationPlatforms) = preSolution
		Debug|Any CPU = Debug|Any CPU
		Release|Any CPU = Release|Any CPU
	EndGlobalSection
	GlobalSection(ProjectConfigurationPlatforms) = postSolution
		{79C98359-4A39-4BC2-89F4-B8E067840D75}.Debug|Any CPU.ActiveCfg = Debug|Any CPU
		{79C98359-4A39-4BC2-89F4-B8E067840D75}.Debug|Any CPU.Build.0 = Debug|Any CPU
		{79C98359-4A39-4BC2-89F4-B8E067840D75}.Release|Any CPU.ActiveCfg = Release|Any CPU
		{79C98359-4A39-4BC2-89F4-B8E067840D75}.Release|Any CPU.Build.0 = Release|Any CPU
		{EB40D973-C68F-4973-81B7-F5ED5B9059BD}.Debug|Any CPU.ActiveCfg = Debug|Any CPU
		{EB40D973-C68F-4973-81B7-F5ED5B9059BD}.Debug|Any CPU.Build.0 = Debug|Any CPU
		{EB40D973-C68F-4973-81B7-F5ED5B9059BD}.Release|Any CPU.ActiveCfg = Release|Any CPU
		{EB40D973-C68F-4973-81B7-F5ED5B9059BD}.Release|Any CPU.Build.0 = Release|Any CPU
		{B41B92FA-A642-468A-B1F1-CD7BC44D2E89}.Debug|Any CPU.ActiveCfg = Debug|Any CPU
		{B41B92FA-A642-468A-B1F1-CD7BC44D2E89}.Debug|Any CPU.Build.0 = Debug|Any CPU
		{B41B92FA-A642-468A-B1F1-CD7BC44D2E89}.Release|Any CPU.ActiveCfg = Release|Any CPU
		{B41B92FA-A642-468A-B1F1-CD7BC44D2E89}.Release|Any CPU.Build.0 = Release|Any CPU
		{215999AA-A8D9-40FD-9D5C-2CA6B0B0A625}.Debug|Any CPU.ActiveCfg = Debug|Any CPU
		{215999AA-A8D9-40FD-9D5C-2CA6B0B0A625}.Debug|Any CPU.Build.0 = Debug|Any CPU
		{215999AA-A8D9-40FD-9D5C-2CA6B0B0A625}.Release|Any CPU.ActiveCfg = Release|Any CPU
		{215999AA-A8D9-40FD-9D5C-2CA6B0B0A625}.Release|Any CPU.Build.0 = Release|Any CPU
		{D2246012-E064-4196-AEC9-790D901B2B3C}.Debug|Any CPU.ActiveCfg = Debug|Any CPU
		{D2246012-E064-4196-AEC9-790D901B2B3C}.Debug|Any CPU.Build.0 = Debug|Any CPU
		{D2246012-E064-4196-AEC9-790D901B2B3C}.Release|Any CPU.ActiveCfg = Release|Any CPU
		{D2246012-E064-4196-AEC9-790D901B2B3C}.Release|Any CPU.Build.0 = Release|Any CPU
	EndGlobalSection
	GlobalSection(SolutionProperties) = preSolution
		HideSolutionNode = FALSE
	EndGlobalSection
	GlobalSection(ExtensibilityGlobals) = postSolution
		SolutionGuid = {F76F5BAF-64A4-4A8C-BDDC-AFB62BEFC311}
	EndGlobalSection
EndGlobal
